Microsoft Visual Studio Solution File, Format Version 11.00
# Visual Studio 2008

Project("{96B8860C-6606-875A-09C4-BF20E8E84ED9}") = "The Unseen", "Assembly-CSharp-firstpass.csproj", "{0E4E8770-161A-A82C-0BB3-A2F46358DCAB}"
EndProject
Project("{96B8860C-6606-875A-09C4-BF20E8E84ED9}") = "The Unseen", "Assembly-CSharp.csproj", "{2567535A-FF01-27E3-D756-A3DB075B9D7A}"
EndProject
Project("{96B8860C-6606-875A-09C4-BF20E8E84ED9}") = "The Unseen", "Assembly-UnityScript-firstpass.unityproj", "{7BF51648-DEE5-252F-F52F-8E4BADE5278A}"
EndProject
Project("{96B8860C-6606-875A-09C4-BF20E8E84ED9}") = "The Unseen", "Assembly-UnityScript.unityproj", "{8D274286-5129-659A-1DE6-6DAEDBFAEA4C}"
EndProject
Global
	GlobalSection(SolutionConfigurationPlatforms) = preSolution
		Debug|Any CPU = Debug|Any CPU
		Release|Any CPU = Release|Any CPU
	EndGlobalSection
	GlobalSection(ProjectConfigurationPlatforms) = postSolution
		{0E4E8770-161A-A82C-0BB3-A2F46358DCAB}.Debug|Any CPU.ActiveCfg = Debug|Any CPU
		{0E4E8770-161A-A82C-0BB3-A2F46358DCAB}.Debug|Any CPU.Build.0 = Debug|Any CPU
		{0E4E8770-161A-A82C-0BB3-A2F46358DCAB}.Release|Any CPU.ActiveCfg = Release|Any CPU
		{0E4E8770-161A-A82C-0BB3-A2F46358DCAB}.Release|Any CPU.Build.0 = Release|Any CPU
		{2567535A-FF01-27E3-D756-A3DB075B9D7A}.Debug|Any CPU.ActiveCfg = Debug|Any CPU
		{2567535A-FF01-27E3-D756-A3DB075B9D7A}.Debug|Any CPU.Build.0 = Debug|Any CPU
		{2567535A-FF01-27E3-D756-A3DB075B9D7A}.Release|Any CPU.ActiveCfg = Release|Any CPU
		{2567535A-FF01-27E3-D756-A3DB075B9D7A}.Release|Any CPU.Build.0 = Release|Any CPU
		{7BF51648-DEE5-252F-F52F-8E4BADE5278A}.Debug|Any CPU.ActiveCfg = Debug|Any CPU
		{7BF51648-DEE5-252F-F52F-8E4BADE5278A}.Debug|Any CPU.Build.0 = Debug|Any CPU
		{7BF51648-DEE5-252F-F52F-8E4BADE5278A}.Release|Any CPU.ActiveCfg = Release|Any CPU
		{7BF51648-DEE5-252F-F52F-8E4BADE5278A}.Release|Any CPU.Build.0 = Release|Any CPU
		{8D274286-5129-659A-1DE6-6DAEDBFAEA4C}.Debug|Any CPU.ActiveCfg = Debug|Any CPU
		{8D274286-5129-659A-1DE6-6DAEDBFAEA4C}.Debug|Any CPU.Build.0 = Debug|Any CPU
		{8D274286-5129-659A-1DE6-6DAEDBFAEA4C}.Release|Any CPU.ActiveCfg = Release|Any CPU
		{8D274286-5129-659A-1DE6-6DAEDBFAEA4C}.Release|Any CPU.Build.0 = Release|Any CPU
	EndGlobalSection
	GlobalSection(SolutionProperties) = preSolution
		HideSolutionNode = FALSE
	EndGlobalSection
		GlobalSection(MonoDevelopProperties) = preSolution
		StartupItem = Assembly-CSharp.csproj
		Policies = $0
		$0.TextStylePolicy = $1
		$1.inheritsSet = null
		$1.scope = text/x-csharp
		$0.CSharpFormattingPolicy = $2
		$2.inheritsSet = Mono
		$2.inheritsScope = text/x-csharp
		$2.scope = text/x-csharp
		$0.TextStylePolicy = $3
		$3.FileWidth = 120
		$3.TabWidth = 4
		$3.EolMarker = Unix
		$3.inheritsSet = Mono
		$3.inheritsScope = text/plain
		$3.scope = text/plain
	EndGlobalSection

EndGlobal
