Microsoft Visual Studio Solution File, Format Version 11.00
# Visual Studio 2008

Project("{2CCA02DA-A8C4-2B57-FD91-8264CEC8CE31}") = "TheUnseen", "Assembly-CSharp-firstpass.csproj", "{6A844271-D80D-2D63-288A-14A364EED185}"
EndProject
Project("{2CCA02DA-A8C4-2B57-FD91-8264CEC8CE31}") = "TheUnseen", "Assembly-CSharp.csproj", "{5BCAA906-5F16-B070-50B4-D975FB5E9D8E}"
EndProject
Project("{2CCA02DA-A8C4-2B57-FD91-8264CEC8CE31}") = "TheUnseen", "Assembly-CSharp-Editor.csproj", "{28510B9E-3BA6-EF3B-CB8E-4C34978452BF}"
EndProject
Project("{2CCA02DA-A8C4-2B57-FD91-8264CEC8CE31}") = "TheUnseen", "Assembly-UnityScript-firstpass.unityproj", "{60C31462-A8DD-C216-CBF3-D60F1309D907}"
EndProject
Project("{2CCA02DA-A8C4-2B57-FD91-8264CEC8CE31}") = "TheUnseen", "Assembly-UnityScript.unityproj", "{36350129-2650-2C0B-955E-CCF06E5A8676}"
EndProject
Project("{2CCA02DA-A8C4-2B57-FD91-8264CEC8CE31}") = "TheUnseen", "Assembly-UnityScript-Editor.unityproj", "{5A72E85E-4C4E-D217-2245-44B956FD3B88}"
EndProject
Global
	GlobalSection(SolutionConfigurationPlatforms) = preSolution
		Debug|Any CPU = Debug|Any CPU
		Release|Any CPU = Release|Any CPU
	EndGlobalSection
	GlobalSection(ProjectConfigurationPlatforms) = postSolution
		{6A844271-D80D-2D63-288A-14A364EED185}.Debug|Any CPU.ActiveCfg = Debug|Any CPU
		{6A844271-D80D-2D63-288A-14A364EED185}.Debug|Any CPU.Build.0 = Debug|Any CPU
		{6A844271-D80D-2D63-288A-14A364EED185}.Release|Any CPU.ActiveCfg = Release|Any CPU
		{6A844271-D80D-2D63-288A-14A364EED185}.Release|Any CPU.Build.0 = Release|Any CPU
		{5BCAA906-5F16-B070-50B4-D975FB5E9D8E}.Debug|Any CPU.ActiveCfg = Debug|Any CPU
		{5BCAA906-5F16-B070-50B4-D975FB5E9D8E}.Debug|Any CPU.Build.0 = Debug|Any CPU
		{5BCAA906-5F16-B070-50B4-D975FB5E9D8E}.Release|Any CPU.ActiveCfg = Release|Any CPU
		{5BCAA906-5F16-B070-50B4-D975FB5E9D8E}.Release|Any CPU.Build.0 = Release|Any CPU
		{28510B9E-3BA6-EF3B-CB8E-4C34978452BF}.Debug|Any CPU.ActiveCfg = Debug|Any CPU
		{28510B9E-3BA6-EF3B-CB8E-4C34978452BF}.Debug|Any CPU.Build.0 = Debug|Any CPU
		{28510B9E-3BA6-EF3B-CB8E-4C34978452BF}.Release|Any CPU.ActiveCfg = Release|Any CPU
		{28510B9E-3BA6-EF3B-CB8E-4C34978452BF}.Release|Any CPU.Build.0 = Release|Any CPU
		{60C31462-A8DD-C216-CBF3-D60F1309D907}.Debug|Any CPU.ActiveCfg = Debug|Any CPU
		{60C31462-A8DD-C216-CBF3-D60F1309D907}.Debug|Any CPU.Build.0 = Debug|Any CPU
		{60C31462-A8DD-C216-CBF3-D60F1309D907}.Release|Any CPU.ActiveCfg = Release|Any CPU
		{60C31462-A8DD-C216-CBF3-D60F1309D907}.Release|Any CPU.Build.0 = Release|Any CPU
		{36350129-2650-2C0B-955E-CCF06E5A8676}.Debug|Any CPU.ActiveCfg = Debug|Any CPU
		{36350129-2650-2C0B-955E-CCF06E5A8676}.Debug|Any CPU.Build.0 = Debug|Any CPU
		{36350129-2650-2C0B-955E-CCF06E5A8676}.Release|Any CPU.ActiveCfg = Release|Any CPU
		{36350129-2650-2C0B-955E-CCF06E5A8676}.Release|Any CPU.Build.0 = Release|Any CPU
		{5A72E85E-4C4E-D217-2245-44B956FD3B88}.Debug|Any CPU.ActiveCfg = Debug|Any CPU
		{5A72E85E-4C4E-D217-2245-44B956FD3B88}.Debug|Any CPU.Build.0 = Debug|Any CPU
		{5A72E85E-4C4E-D217-2245-44B956FD3B88}.Release|Any CPU.ActiveCfg = Release|Any CPU
		{5A72E85E-4C4E-D217-2245-44B956FD3B88}.Release|Any CPU.Build.0 = Release|Any CPU
	EndGlobalSection
	GlobalSection(SolutionProperties) = preSolution
		HideSolutionNode = FALSE
	EndGlobalSection
																																																																							GlobalSection(MonoDevelopProperties) = preSolution
		StartupItem = Assembly-CSharp.csproj
		Policies = $0
		$0.TextStylePolicy = $1
		$1.inheritsSet = null
		$1.scope = text/x-csharp
		$0.CSharpFormattingPolicy = $2
		$2.inheritsSet = Mono
		$2.inheritsScope = text/x-csharp
		$2.scope = text/x-csharp
		$0.TextStylePolicy = $3
		$3.FileWidth = 120
		$3.TabWidth = 4
		$3.EolMarker = Unix
		$3.inheritsSet = Mono
		$3.inheritsScope = text/plain
		$3.scope = text/plain
	EndGlobalSection

EndGlobal
