Microsoft Visual Studio Solution File, Format Version 11.00
# Visual Studio 2008

Project("{6FDB2683-3B82-C29A-58DC-22D29A5D90FA}") = "TheUnseen-UFPS", "Assembly-CSharp-firstpass.csproj", "{03F5A0AE-7CFF-5D35-2CA8-55AD0C6972F2}"
EndProject
Project("{6FDB2683-3B82-C29A-58DC-22D29A5D90FA}") = "TheUnseen-UFPS", "Assembly-CSharp.csproj", "{8B936784-AD74-F19F-923D-21781A7A15F3}"
EndProject
Project("{6FDB2683-3B82-C29A-58DC-22D29A5D90FA}") = "TheUnseen-UFPS", "Assembly-CSharp-Editor.csproj", "{2E50C105-5B1D-04AB-9715-75E397313245}"
EndProject
Project("{6FDB2683-3B82-C29A-58DC-22D29A5D90FA}") = "TheUnseen-UFPS", "Assembly-UnityScript-firstpass.unityproj", "{338D65ED-1DC7-A9BF-9ADD-76DF94BC2BD3}"
EndProject
Project("{6FDB2683-3B82-C29A-58DC-22D29A5D90FA}") = "TheUnseen-UFPS", "Assembly-UnityScript.unityproj", "{38F4D5B4-9068-7D0B-3BF1-9FA7FDC08DC2}"
EndProject
Project("{6FDB2683-3B82-C29A-58DC-22D29A5D90FA}") = "TheUnseen-UFPS", "Assembly-UnityScript-Editor.unityproj", "{094CB663-06BB-1AFA-3DBB-7B1005B0B61E}"
EndProject
Global
	GlobalSection(SolutionConfigurationPlatforms) = preSolution
		Debug|Any CPU = Debug|Any CPU
		Release|Any CPU = Release|Any CPU
	EndGlobalSection
	GlobalSection(ProjectConfigurationPlatforms) = postSolution
		{03F5A0AE-7CFF-5D35-2CA8-55AD0C6972F2}.Debug|Any CPU.ActiveCfg = Debug|Any CPU
		{03F5A0AE-7CFF-5D35-2CA8-55AD0C6972F2}.Debug|Any CPU.Build.0 = Debug|Any CPU
		{03F5A0AE-7CFF-5D35-2CA8-55AD0C6972F2}.Release|Any CPU.ActiveCfg = Release|Any CPU
		{03F5A0AE-7CFF-5D35-2CA8-55AD0C6972F2}.Release|Any CPU.Build.0 = Release|Any CPU
		{8B936784-AD74-F19F-923D-21781A7A15F3}.Debug|Any CPU.ActiveCfg = Debug|Any CPU
		{8B936784-AD74-F19F-923D-21781A7A15F3}.Debug|Any CPU.Build.0 = Debug|Any CPU
		{8B936784-AD74-F19F-923D-21781A7A15F3}.Release|Any CPU.ActiveCfg = Release|Any CPU
		{8B936784-AD74-F19F-923D-21781A7A15F3}.Release|Any CPU.Build.0 = Release|Any CPU
		{2E50C105-5B1D-04AB-9715-75E397313245}.Debug|Any CPU.ActiveCfg = Debug|Any CPU
		{2E50C105-5B1D-04AB-9715-75E397313245}.Debug|Any CPU.Build.0 = Debug|Any CPU
		{2E50C105-5B1D-04AB-9715-75E397313245}.Release|Any CPU.ActiveCfg = Release|Any CPU
		{2E50C105-5B1D-04AB-9715-75E397313245}.Release|Any CPU.Build.0 = Release|Any CPU
		{338D65ED-1DC7-A9BF-9ADD-76DF94BC2BD3}.Debug|Any CPU.ActiveCfg = Debug|Any CPU
		{338D65ED-1DC7-A9BF-9ADD-76DF94BC2BD3}.Debug|Any CPU.Build.0 = Debug|Any CPU
		{338D65ED-1DC7-A9BF-9ADD-76DF94BC2BD3}.Release|Any CPU.ActiveCfg = Release|Any CPU
		{338D65ED-1DC7-A9BF-9ADD-76DF94BC2BD3}.Release|Any CPU.Build.0 = Release|Any CPU
		{38F4D5B4-9068-7D0B-3BF1-9FA7FDC08DC2}.Debug|Any CPU.ActiveCfg = Debug|Any CPU
		{38F4D5B4-9068-7D0B-3BF1-9FA7FDC08DC2}.Debug|Any CPU.Build.0 = Debug|Any CPU
		{38F4D5B4-9068-7D0B-3BF1-9FA7FDC08DC2}.Release|Any CPU.ActiveCfg = Release|Any CPU
		{38F4D5B4-9068-7D0B-3BF1-9FA7FDC08DC2}.Release|Any CPU.Build.0 = Release|Any CPU
		{094CB663-06BB-1AFA-3DBB-7B1005B0B61E}.Debug|Any CPU.ActiveCfg = Debug|Any CPU
		{094CB663-06BB-1AFA-3DBB-7B1005B0B61E}.Debug|Any CPU.Build.0 = Debug|Any CPU
		{094CB663-06BB-1AFA-3DBB-7B1005B0B61E}.Release|Any CPU.ActiveCfg = Release|Any CPU
		{094CB663-06BB-1AFA-3DBB-7B1005B0B61E}.Release|Any CPU.Build.0 = Release|Any CPU
	EndGlobalSection
	GlobalSection(SolutionProperties) = preSolution
		HideSolutionNode = FALSE
	EndGlobalSection
																		GlobalSection(MonoDevelopProperties) = preSolution
		StartupItem = Assembly-CSharp.csproj
		Policies = $0
		$0.TextStylePolicy = $1
		$1.inheritsSet = null
		$1.scope = text/x-csharp
		$0.CSharpFormattingPolicy = $2
		$2.inheritsSet = Mono
		$2.inheritsScope = text/x-csharp
		$2.scope = text/x-csharp
		$0.TextStylePolicy = $3
		$3.FileWidth = 120
		$3.TabWidth = 4
		$3.EolMarker = Unix
		$3.inheritsSet = Mono
		$3.inheritsScope = text/plain
		$3.scope = text/plain
	EndGlobalSection

EndGlobal
